# Generated by buf. DO NOT EDIT.
version: v1
deps:
  - remote: buf.build
    owner: googleapis
    repository: googleapis
    commit: e874a0be2bf140a5a4c7d4122c635823
    digest: shake256:4fe3036b4d706f6ee2b13c730bd04777f021dfd02ed27e6e40480acfe664a7548238312ee0727fd77648a38d227e296d43f4a38a34cdd46068156211016d9657
